
Microsoft Visual Studio Solution File, Format Version 12.00
# Visual Studio Version 17
VisualStudioVersion = 17.5.33414.496
MinimumVisualStudioVersion = 10.0.40219.1
Project("{9A19103F-16F7-4668-BE54-9A1E7A4F7556}") = "QuizGenerator.Core", "QuizGenerator.Core\QuizGenerator.Core.csproj", "{F05C40ED-7BD7-4711-BA09-ABEEF9C6D3B4}"
EndProject
Project("{9A19103F-16F7-4668-BE54-9A1E7A4F7556}") = "QuizGenerator.UI", "QuizGenerator.UI\QuizGenerator.UI.csproj", "{224C1103-75EB-4BC6-857A-B329BF2EE86C}"
EndProject
Global
	GlobalSection(SolutionConfigurationPlatforms) = preSolution
		Debug|Any CPU = Debug|Any CPU
		Release|Any CPU = Release|Any CPU
	EndGlobalSection
	GlobalSection(ProjectConfigurationPlatforms) = postSolution
		{F05C40ED-7BD7-4711-BA09-ABEEF9C6D3B4}.Debug|Any CPU.ActiveCfg = Debug|Any CPU
		{F05C40ED-7BD7-4711-BA09-ABEEF9C6D3B4}.Debug|Any CPU.Build.0 = Debug|Any CPU
		{F05C40ED-7BD7-4711-BA09-ABEEF9C6D3B4}.Release|Any CPU.ActiveCfg = Release|Any CPU
		{F05C40ED-7BD7-4711-BA09-ABEEF9C6D3B4}.Release|Any CPU.Build.0 = Release|Any CPU
		{224C1103-75EB-4BC6-857A-B329BF2EE86C}.Debug|Any CPU.ActiveCfg = Debug|Any CPU
		{224C1103-75EB-4BC6-857A-B329BF2EE86C}.Debug|Any CPU.Build.0 = Debug|Any CPU
		{224C1103-75EB-4BC6-857A-B329BF2EE86C}.Release|Any CPU.ActiveCfg = Release|Any CPU
		{224C1103-75EB-4BC6-857A-B329BF2EE86C}.Release|Any CPU.Build.0 = Release|Any CPU
	EndGlobalSection
	GlobalSection(SolutionProperties) = preSolution
		HideSolutionNode = FALSE
	EndGlobalSection
	GlobalSection(ExtensibilityGlobals) = postSolution
		SolutionGuid = {B1B35290-9499-4F36-86C7-DD148724AAA4}
	EndGlobalSection
EndGlobal
