
Microsoft Visual Studio Solution File, Format Version 12.00
# Visual Studio Version 17
VisualStudioVersion = 17.5.33414.496
MinimumVisualStudioVersion = 10.0.40219.1
Project("{9A19103F-16F7-4668-BE54-9A1E7A4F7556}") = "SoftUni-Quiz-Generator", "SoftUni-Quiz-Generator.csproj", "{D8FB777E-3E5D-48EA-9FA1-B12310392921}"
EndProject
Global
	GlobalSection(SolutionConfigurationPlatforms) = preSolution
		Debug|Any CPU = Debug|Any CPU
		Release|Any CPU = Release|Any CPU
	EndGlobalSection
	GlobalSection(ProjectConfigurationPlatforms) = postSolution
		{D8FB777E-3E5D-48EA-9FA1-B12310392921}.Debug|Any CPU.ActiveCfg = Debug|Any CPU
		{D8FB777E-3E5D-48EA-9FA1-B12310392921}.Debug|Any CPU.Build.0 = Debug|Any CPU
		{D8FB777E-3E5D-48EA-9FA1-B12310392921}.Release|Any CPU.ActiveCfg = Release|Any CPU
		{D8FB777E-3E5D-48EA-9FA1-B12310392921}.Release|Any CPU.Build.0 = Release|Any CPU
	EndGlobalSection
	GlobalSection(SolutionProperties) = preSolution
		HideSolutionNode = FALSE
	EndGlobalSection
	GlobalSection(ExtensibilityGlobals) = postSolution
		SolutionGuid = {515838A2-57CF-4830-8928-FE7F87B13C59}
	EndGlobalSection
EndGlobal
